
Microsoft Visual Studio Solution File, Format Version 12.00
# Visual Studio Version 17
VisualStudioVersion = 17.0.31903.59
MinimumVisualStudioVersion = 10.0.40219.1
Project("{FAE04EC0-301F-11D3-BF4B-00C04F79EFBC}") = "TaskQueue", "TaskQueue\TaskQueue.csproj", "{EE216A42-A2C0-4A83-944F-5AE3B51C49F3}"
EndProject
Project("{FAE04EC0-301F-11D3-BF4B-00C04F79EFBC}") = "TaskQueue.Test", "TaskQueue.Test\TaskQueue.Test.csproj", "{35CBAA5F-0B03-4FED-98E1-2810054CFB47}"
EndProject
Project("{FAE04EC0-301F-11D3-BF4B-00C04F79EFBC}") = "TaskQueueServer", "TaskQueueServer\TaskQueueServer.csproj", "{AEDF11B4-8F64-464B-A57B-C32BFD91B39F}"
EndProject
Project("{FAE04EC0-301F-11D3-BF4B-00C04F79EFBC}") = "TaskQueueServer.E2E", "TaskQueueServer.E2E\TaskQueueServer.E2E.csproj", "{15498A49-3346-4419-9F3F-0BB933B3CED7}"
EndProject
Global
	GlobalSection(SolutionConfigurationPlatforms) = preSolution
		Debug|Any CPU = Debug|Any CPU
		Debug|x64 = Debug|x64
		Debug|x86 = Debug|x86
		Release|Any CPU = Release|Any CPU
		Release|x64 = Release|x64
		Release|x86 = Release|x86
	EndGlobalSection
	GlobalSection(ProjectConfigurationPlatforms) = postSolution
		{EE216A42-A2C0-4A83-944F-5AE3B51C49F3}.Debug|Any CPU.ActiveCfg = Debug|Any CPU
		{EE216A42-A2C0-4A83-944F-5AE3B51C49F3}.Debug|Any CPU.Build.0 = Debug|Any CPU
		{EE216A42-A2C0-4A83-944F-5AE3B51C49F3}.Debug|x64.ActiveCfg = Debug|Any CPU
		{EE216A42-A2C0-4A83-944F-5AE3B51C49F3}.Debug|x64.Build.0 = Debug|Any CPU
		{EE216A42-A2C0-4A83-944F-5AE3B51C49F3}.Debug|x86.ActiveCfg = Debug|Any CPU
		{EE216A42-A2C0-4A83-944F-5AE3B51C49F3}.Debug|x86.Build.0 = Debug|Any CPU
		{EE216A42-A2C0-4A83-944F-5AE3B51C49F3}.Release|Any CPU.ActiveCfg = Release|Any CPU
		{EE216A42-A2C0-4A83-944F-5AE3B51C49F3}.Release|Any CPU.Build.0 = Release|Any CPU
		{EE216A42-A2C0-4A83-944F-5AE3B51C49F3}.Release|x64.ActiveCfg = Release|Any CPU
		{EE216A42-A2C0-4A83-944F-5AE3B51C49F3}.Release|x64.Build.0 = Release|Any CPU
		{EE216A42-A2C0-4A83-944F-5AE3B51C49F3}.Release|x86.ActiveCfg = Release|Any CPU
		{EE216A42-A2C0-4A83-944F-5AE3B51C49F3}.Release|x86.Build.0 = Release|Any CPU
		{35CBAA5F-0B03-4FED-98E1-2810054CFB47}.Debug|Any CPU.ActiveCfg = Debug|Any CPU
		{35CBAA5F-0B03-4FED-98E1-2810054CFB47}.Debug|Any CPU.Build.0 = Debug|Any CPU
		{35CBAA5F-0B03-4FED-98E1-2810054CFB47}.Debug|x64.ActiveCfg = Debug|Any CPU
		{35CBAA5F-0B03-4FED-98E1-2810054CFB47}.Debug|x64.Build.0 = Debug|Any CPU
		{35CBAA5F-0B03-4FED-98E1-2810054CFB47}.Debug|x86.ActiveCfg = Debug|Any CPU
		{35CBAA5F-0B03-4FED-98E1-2810054CFB47}.Debug|x86.Build.0 = Debug|Any CPU
		{35CBAA5F-0B03-4FED-98E1-2810054CFB47}.Release|Any CPU.ActiveCfg = Release|Any CPU
		{35CBAA5F-0B03-4FED-98E1-2810054CFB47}.Release|Any CPU.Build.0 = Release|Any CPU
		{35CBAA5F-0B03-4FED-98E1-2810054CFB47}.Release|x64.ActiveCfg = Release|Any CPU
		{35CBAA5F-0B03-4FED-98E1-2810054CFB47}.Release|x64.Build.0 = Release|Any CPU
		{35CBAA5F-0B03-4FED-98E1-2810054CFB47}.Release|x86.ActiveCfg = Release|Any CPU
		{35CBAA5F-0B03-4FED-98E1-2810054CFB47}.Release|x86.Build.0 = Release|Any CPU
		{AEDF11B4-8F64-464B-A57B-C32BFD91B39F}.Debug|Any CPU.ActiveCfg = Debug|Any CPU
		{AEDF11B4-8F64-464B-A57B-C32BFD91B39F}.Debug|Any CPU.Build.0 = Debug|Any CPU
		{AEDF11B4-8F64-464B-A57B-C32BFD91B39F}.Debug|x64.ActiveCfg = Debug|Any CPU
		{AEDF11B4-8F64-464B-A57B-C32BFD91B39F}.Debug|x64.Build.0 = Debug|Any CPU
		{AEDF11B4-8F64-464B-A57B-C32BFD91B39F}.Debug|x86.ActiveCfg = Debug|Any CPU
		{AEDF11B4-8F64-464B-A57B-C32BFD91B39F}.Debug|x86.Build.0 = Debug|Any CPU
		{AEDF11B4-8F64-464B-A57B-C32BFD91B39F}.Release|Any CPU.ActiveCfg = Release|Any CPU
		{AEDF11B4-8F64-464B-A57B-C32BFD91B39F}.Release|Any CPU.Build.0 = Release|Any CPU
		{AEDF11B4-8F64-464B-A57B-C32BFD91B39F}.Release|x64.ActiveCfg = Release|Any CPU
		{AEDF11B4-8F64-464B-A57B-C32BFD91B39F}.Release|x64.Build.0 = Release|Any CPU
		{AEDF11B4-8F64-464B-A57B-C32BFD91B39F}.Release|x86.ActiveCfg = Release|Any CPU
		{AEDF11B4-8F64-464B-A57B-C32BFD91B39F}.Release|x86.Build.0 = Release|Any CPU
		{15498A49-3346-4419-9F3F-0BB933B3CED7}.Debug|Any CPU.ActiveCfg = Debug|Any CPU
		{15498A49-3346-4419-9F3F-0BB933B3CED7}.Debug|Any CPU.Build.0 = Debug|Any CPU
		{15498A49-3346-4419-9F3F-0BB933B3CED7}.Debug|x64.ActiveCfg = Debug|Any CPU
		{15498A49-3346-4419-9F3F-0BB933B3CED7}.Debug|x64.Build.0 = Debug|Any CPU
		{15498A49-3346-4419-9F3F-0BB933B3CED7}.Debug|x86.ActiveCfg = Debug|Any CPU
		{15498A49-3346-4419-9F3F-0BB933B3CED7}.Debug|x86.Build.0 = Debug|Any CPU
		{15498A49-3346-4419-9F3F-0BB933B3CED7}.Release|Any CPU.ActiveCfg = Release|Any CPU
		{15498A49-3346-4419-9F3F-0BB933B3CED7}.Release|Any CPU.Build.0 = Release|Any CPU
		{15498A49-3346-4419-9F3F-0BB933B3CED7}.Release|x64.ActiveCfg = Release|Any CPU
		{15498A49-3346-4419-9F3F-0BB933B3CED7}.Release|x64.Build.0 = Release|Any CPU
		{15498A49-3346-4419-9F3F-0BB933B3CED7}.Release|x86.ActiveCfg = Release|Any CPU
		{15498A49-3346-4419-9F3F-0BB933B3CED7}.Release|x86.Build.0 = Release|Any CPU
	EndGlobalSection
	GlobalSection(SolutionProperties) = preSolution
		HideSolutionNode = FALSE
	EndGlobalSection
EndGlobal
